
Microsoft Visual Studio Solution File, Format Version 12.00
# Visual Studio Version 17
VisualStudioVersion = 17.4.33403.182
MinimumVisualStudioVersion = 10.0.40219.1
Project("{FAE04EC0-301F-11D3-BF4B-00C04F79EFBC}") = "TaskFoundation", "TaskFoundation\TaskFoundation.csproj", "{DAFD0247-C10E-4DC6-A314-361B623A01C5}"
EndProject
Project("{2150E333-8FDC-42A3-9474-1A3956D46DE8}") = "Foundation", "Foundation", "{1A924586-172A-4146-831C-F73478DA9AD6}"
EndProject
Project("{2150E333-8FDC-42A3-9474-1A3956D46DE8}") = "Pitfalls", "Pitfalls", "{3F16223C-249F-451B-BF75-E5E828722BEB}"
EndProject
Project("{FAE04EC0-301F-11D3-BF4B-00C04F79EFBC}") = "DecompileExplaination", "DecompileExplaination\DecompileExplaination.csproj", "{6E12F06B-B3DC-49E6-8C28-2623A0CFA69A}"
EndProject
Project("{FAE04EC0-301F-11D3-BF4B-00C04F79EFBC}") = "ErrorHandling", "ErrorHandling\ErrorHandling.csproj", "{FB8E2153-E240-497A-92ED-1FA23709A387}"
EndProject
Project("{FAE04EC0-301F-11D3-BF4B-00C04F79EFBC}") = "TaskCancellation", "TaskCancellation\TaskCancellation.csproj", "{A3B8E3FF-67DD-43AF-BAF7-7A7979381B35}"
EndProject
Project("{FAE04EC0-301F-11D3-BF4B-00C04F79EFBC}") = "AsyncStream", "AsyncStream\AsyncStream.csproj", "{B023565A-DE13-4FE2-9F11-5A687DDD2776}"
EndProject
Project("{FAE04EC0-301F-11D3-BF4B-00C04F79EFBC}") = "AwaitingCompletedTask", "AwaitingCompletedTask\AwaitingCompletedTask.csproj", "{2743BA6A-23CF-4729-98FC-C51DB00D95F1}"
EndProject
Project("{FAE04EC0-301F-11D3-BF4B-00C04F79EFBC}") = "CatchingException", "CatchingException\CatchingException.csproj", "{E10A9A66-6704-4419-9E96-A3CE9CDFF575}"
EndProject
Project("{FAE04EC0-301F-11D3-BF4B-00C04F79EFBC}") = "DeadlockASPNET", "DeadlockASPNET\DeadlockASPNET.csproj", "{B3D606FF-195C-46B6-8A53-0B3469D423CB}"
EndProject
Project("{FAE04EC0-301F-11D3-BF4B-00C04F79EFBC}") = "DeadlockWinform", "DeadlockWinform\DeadlockWinform.csproj", "{79A18AEB-56B3-4FCD-B6CF-2C83C0BAAC20}"
EndProject
Project("{FAE04EC0-301F-11D3-BF4B-00C04F79EFBC}") = "DeadlockWPF", "DeadlockWPF\DeadlockWPF.csproj", "{A87F5294-82DB-4168-83D6-31E259B340A8}"
EndProject
Project("{FAE04EC0-301F-11D3-BF4B-00C04F79EFBC}") = "DisposalObjectAsync", "DisposalObjectAsync\DisposalObjectAsync.csproj", "{ADCB6B55-B602-43BF-987A-1A87E0613CEE}"
EndProject
Global
	GlobalSection(SolutionConfigurationPlatforms) = preSolution
		Debug|Any CPU = Debug|Any CPU
		Release|Any CPU = Release|Any CPU
	EndGlobalSection
	GlobalSection(ProjectConfigurationPlatforms) = postSolution
		{DAFD0247-C10E-4DC6-A314-361B623A01C5}.Debug|Any CPU.ActiveCfg = Debug|Any CPU
		{DAFD0247-C10E-4DC6-A314-361B623A01C5}.Debug|Any CPU.Build.0 = Debug|Any CPU
		{DAFD0247-C10E-4DC6-A314-361B623A01C5}.Release|Any CPU.ActiveCfg = Release|Any CPU
		{DAFD0247-C10E-4DC6-A314-361B623A01C5}.Release|Any CPU.Build.0 = Release|Any CPU
		{6E12F06B-B3DC-49E6-8C28-2623A0CFA69A}.Debug|Any CPU.ActiveCfg = Debug|Any CPU
		{6E12F06B-B3DC-49E6-8C28-2623A0CFA69A}.Debug|Any CPU.Build.0 = Debug|Any CPU
		{6E12F06B-B3DC-49E6-8C28-2623A0CFA69A}.Release|Any CPU.ActiveCfg = Release|Any CPU
		{6E12F06B-B3DC-49E6-8C28-2623A0CFA69A}.Release|Any CPU.Build.0 = Release|Any CPU
		{FB8E2153-E240-497A-92ED-1FA23709A387}.Debug|Any CPU.ActiveCfg = Debug|Any CPU
		{FB8E2153-E240-497A-92ED-1FA23709A387}.Debug|Any CPU.Build.0 = Debug|Any CPU
		{FB8E2153-E240-497A-92ED-1FA23709A387}.Release|Any CPU.ActiveCfg = Release|Any CPU
		{FB8E2153-E240-497A-92ED-1FA23709A387}.Release|Any CPU.Build.0 = Release|Any CPU
		{A3B8E3FF-67DD-43AF-BAF7-7A7979381B35}.Debug|Any CPU.ActiveCfg = Debug|Any CPU
		{A3B8E3FF-67DD-43AF-BAF7-7A7979381B35}.Debug|Any CPU.Build.0 = Debug|Any CPU
		{A3B8E3FF-67DD-43AF-BAF7-7A7979381B35}.Release|Any CPU.ActiveCfg = Release|Any CPU
		{A3B8E3FF-67DD-43AF-BAF7-7A7979381B35}.Release|Any CPU.Build.0 = Release|Any CPU
		{B023565A-DE13-4FE2-9F11-5A687DDD2776}.Debug|Any CPU.ActiveCfg = Debug|Any CPU
		{B023565A-DE13-4FE2-9F11-5A687DDD2776}.Debug|Any CPU.Build.0 = Debug|Any CPU
		{B023565A-DE13-4FE2-9F11-5A687DDD2776}.Release|Any CPU.ActiveCfg = Release|Any CPU
		{B023565A-DE13-4FE2-9F11-5A687DDD2776}.Release|Any CPU.Build.0 = Release|Any CPU
		{2743BA6A-23CF-4729-98FC-C51DB00D95F1}.Debug|Any CPU.ActiveCfg = Debug|Any CPU
		{2743BA6A-23CF-4729-98FC-C51DB00D95F1}.Debug|Any CPU.Build.0 = Debug|Any CPU
		{2743BA6A-23CF-4729-98FC-C51DB00D95F1}.Release|Any CPU.ActiveCfg = Release|Any CPU
		{2743BA6A-23CF-4729-98FC-C51DB00D95F1}.Release|Any CPU.Build.0 = Release|Any CPU
		{E10A9A66-6704-4419-9E96-A3CE9CDFF575}.Debug|Any CPU.ActiveCfg = Debug|Any CPU
		{E10A9A66-6704-4419-9E96-A3CE9CDFF575}.Debug|Any CPU.Build.0 = Debug|Any CPU
		{E10A9A66-6704-4419-9E96-A3CE9CDFF575}.Release|Any CPU.ActiveCfg = Release|Any CPU
		{E10A9A66-6704-4419-9E96-A3CE9CDFF575}.Release|Any CPU.Build.0 = Release|Any CPU
		{B3D606FF-195C-46B6-8A53-0B3469D423CB}.Debug|Any CPU.ActiveCfg = Debug|Any CPU
		{B3D606FF-195C-46B6-8A53-0B3469D423CB}.Debug|Any CPU.Build.0 = Debug|Any CPU
		{B3D606FF-195C-46B6-8A53-0B3469D423CB}.Release|Any CPU.ActiveCfg = Release|Any CPU
		{B3D606FF-195C-46B6-8A53-0B3469D423CB}.Release|Any CPU.Build.0 = Release|Any CPU
		{79A18AEB-56B3-4FCD-B6CF-2C83C0BAAC20}.Debug|Any CPU.ActiveCfg = Debug|Any CPU
		{79A18AEB-56B3-4FCD-B6CF-2C83C0BAAC20}.Debug|Any CPU.Build.0 = Debug|Any CPU
		{79A18AEB-56B3-4FCD-B6CF-2C83C0BAAC20}.Release|Any CPU.ActiveCfg = Release|Any CPU
		{79A18AEB-56B3-4FCD-B6CF-2C83C0BAAC20}.Release|Any CPU.Build.0 = Release|Any CPU
		{A87F5294-82DB-4168-83D6-31E259B340A8}.Debug|Any CPU.ActiveCfg = Debug|Any CPU
		{A87F5294-82DB-4168-83D6-31E259B340A8}.Debug|Any CPU.Build.0 = Debug|Any CPU
		{A87F5294-82DB-4168-83D6-31E259B340A8}.Release|Any CPU.ActiveCfg = Release|Any CPU
		{A87F5294-82DB-4168-83D6-31E259B340A8}.Release|Any CPU.Build.0 = Release|Any CPU
		{ADCB6B55-B602-43BF-987A-1A87E0613CEE}.Debug|Any CPU.ActiveCfg = Debug|Any CPU
		{ADCB6B55-B602-43BF-987A-1A87E0613CEE}.Debug|Any CPU.Build.0 = Debug|Any CPU
		{ADCB6B55-B602-43BF-987A-1A87E0613CEE}.Release|Any CPU.ActiveCfg = Release|Any CPU
		{ADCB6B55-B602-43BF-987A-1A87E0613CEE}.Release|Any CPU.Build.0 = Release|Any CPU
	EndGlobalSection
	GlobalSection(SolutionProperties) = preSolution
		HideSolutionNode = FALSE
	EndGlobalSection
	GlobalSection(NestedProjects) = preSolution
		{DAFD0247-C10E-4DC6-A314-361B623A01C5} = {1A924586-172A-4146-831C-F73478DA9AD6}
		{6E12F06B-B3DC-49E6-8C28-2623A0CFA69A} = {1A924586-172A-4146-831C-F73478DA9AD6}
		{FB8E2153-E240-497A-92ED-1FA23709A387} = {1A924586-172A-4146-831C-F73478DA9AD6}
		{A3B8E3FF-67DD-43AF-BAF7-7A7979381B35} = {1A924586-172A-4146-831C-F73478DA9AD6}
		{B023565A-DE13-4FE2-9F11-5A687DDD2776} = {1A924586-172A-4146-831C-F73478DA9AD6}
		{2743BA6A-23CF-4729-98FC-C51DB00D95F1} = {1A924586-172A-4146-831C-F73478DA9AD6}
		{E10A9A66-6704-4419-9E96-A3CE9CDFF575} = {1A924586-172A-4146-831C-F73478DA9AD6}
		{B3D606FF-195C-46B6-8A53-0B3469D423CB} = {3F16223C-249F-451B-BF75-E5E828722BEB}
		{79A18AEB-56B3-4FCD-B6CF-2C83C0BAAC20} = {3F16223C-249F-451B-BF75-E5E828722BEB}
		{A87F5294-82DB-4168-83D6-31E259B340A8} = {3F16223C-249F-451B-BF75-E5E828722BEB}
		{ADCB6B55-B602-43BF-987A-1A87E0613CEE} = {3F16223C-249F-451B-BF75-E5E828722BEB}
	EndGlobalSection
	GlobalSection(ExtensibilityGlobals) = postSolution
		SolutionGuid = {330A59F7-9AC8-4EE7-90BE-54BDAEB6D6B7}
	EndGlobalSection
EndGlobal
